
Microsoft Visual Studio Solution File, Format Version 12.00
# Visual Studio Version 16
VisualStudioVersion = 25.0.1706.11
MinimumVisualStudioVersion = 10.0.40219.1
Project("{FAE04EC0-301F-11D3-BF4B-00C04F79EFBC}") = "Week4Loops", "Week4Loops.csproj", "{60966315-1E81-4D08-ABFF-4570CF0E7D57}"
EndProject
Global
	GlobalSection(SolutionConfigurationPlatforms) = preSolution
		Debug|Any CPU = Debug|Any CPU
		Release|Any CPU = Release|Any CPU
	EndGlobalSection
	GlobalSection(ProjectConfigurationPlatforms) = postSolution
		{60966315-1E81-4D08-ABFF-4570CF0E7D57}.Debug|Any CPU.ActiveCfg = Debug|Any CPU
		{60966315-1E81-4D08-ABFF-4570CF0E7D57}.Debug|Any CPU.Build.0 = Debug|Any CPU
		{60966315-1E81-4D08-ABFF-4570CF0E7D57}.Release|Any CPU.ActiveCfg = Release|Any CPU
		{60966315-1E81-4D08-ABFF-4570CF0E7D57}.Release|Any CPU.Build.0 = Release|Any CPU
	EndGlobalSection
	GlobalSection(SolutionProperties) = preSolution
		HideSolutionNode = FALSE
	EndGlobalSection
	GlobalSection(ExtensibilityGlobals) = postSolution
		SolutionGuid = {CD18F811-CE7F-4004-8044-4894F06D6146}
	EndGlobalSection
EndGlobal
